// !$*UTF8*$!
{
	archiveVersion = 1;
	classes = {
	};
	objectVersion = 54;
	objects = {

/* Begin PBXBuildFile section */
		058557BB273AAA24004C7B11 /* Assets.xcassets in Resources */ = {isa = PBXBuildFile; fileRef = 058557BA273AAA24004C7B11 /* Assets.xcassets */; };
		058557D9273AAEEB004C7B11 /* Preview Assets.xcassets in Resources */ = {isa = PBXBuildFile; fileRef = 058557D8273AAEEB004C7B11 /* Preview Assets.xcassets */; };
		2152FB042600AC8F00CF470E /* iOSApp.swift in Sources */ = {isa = PBXBuildFile; fileRef = 2152FB032600AC8F00CF470E /* iOSApp.swift */; };
		7555FF83242A565900829871 /* SplashView.swift in Sources */ = {isa = PBXBuildFile; fileRef = 7555FF82242A565900829871 /* SplashView.swift */; };
		CE6D386E2B4C1D3B0035003D /* Resolver in Frameworks */ = {isa = PBXBuildFile; productRef = CE6D386D2B4C1D3B0035003D /* Resolver */; };
		CE6D38702B4C1D3B0035003D /* Resolver-Dynamic in Frameworks */ = {isa = PBXBuildFile; productRef = CE6D386F2B4C1D3B0035003D /* Resolver-Dynamic */; };
		CE6D38722B4C1D3B0035003D /* Resolver-Static in Frameworks */ = {isa = PBXBuildFile; productRef = CE6D38712B4C1D3B0035003D /* Resolver-Static */; };
		CE6D38762B4C1D880035003D /* injection.swift in Sources */ = {isa = PBXBuildFile; fileRef = CE6D38752B4C1D880035003D /* injection.swift */; };
		CE9839012B4EC668008A4D51 /* Signika-SemiBold.ttf in Resources */ = {isa = PBXBuildFile; fileRef = CE9838FC2B4EC668008A4D51 /* Signika-SemiBold.ttf */; };
		CE9839022B4EC668008A4D51 /* Signika-Medium.ttf in Resources */ = {isa = PBXBuildFile; fileRef = CE9838FD2B4EC668008A4D51 /* Signika-Medium.ttf */; };
		CE9839032B4EC668008A4D51 /* Signika-Light.ttf in Resources */ = {isa = PBXBuildFile; fileRef = CE9838FE2B4EC668008A4D51 /* Signika-Light.ttf */; };
		CE9839042B4EC668008A4D51 /* Signika-Bold.ttf in Resources */ = {isa = PBXBuildFile; fileRef = CE9838FF2B4EC668008A4D51 /* Signika-Bold.ttf */; };
		CE9839052B4EC668008A4D51 /* Signika-Regular.ttf in Resources */ = {isa = PBXBuildFile; fileRef = CE9839002B4EC668008A4D51 /* Signika-Regular.ttf */; };
		CEA302A42B4CB6610067F734 /* shared in Resources */ = {isa = PBXBuildFile; fileRef = CEA302A32B4CB6610067F734 /* shared */; };
		CEA302A62B4D3B5B0067F734 /* OnBoardingView.swift in Sources */ = {isa = PBXBuildFile; fileRef = CEA302A52B4D3B5B0067F734 /* OnBoardingView.swift */; };
		CEA302A82B4D3B650067F734 /* PreferencesView.swift in Sources */ = {isa = PBXBuildFile; fileRef = CEA302A72B4D3B650067F734 /* PreferencesView.swift */; };
		CEA302AA2B4D3B6C0067F734 /* MainView.swift in Sources */ = {isa = PBXBuildFile; fileRef = CEA302A92B4D3B6C0067F734 /* MainView.swift */; };
		CEA302AC2B4D3B760067F734 /* TalkView.swift in Sources */ = {isa = PBXBuildFile; fileRef = CEA302AB2B4D3B760067F734 /* TalkView.swift */; };
		CEA302AE2B4D3B810067F734 /* SpeakerView.swift in Sources */ = {isa = PBXBuildFile; fileRef = CEA302AD2B4D3B810067F734 /* SpeakerView.swift */; };
		CEAD3F2E2B4CAD2C00C3E1F4 /* SplashStateSwift.swift in Sources */ = {isa = PBXBuildFile; fileRef = CEAD3F2D2B4CAD2C00C3E1F4 /* SplashStateSwift.swift */; };
		CEAD3F302B4CAE0200C3E1F4 /* Navigator.swift in Sources */ = {isa = PBXBuildFile; fileRef = CEAD3F2F2B4CAE0200C3E1F4 /* Navigator.swift */; };
		CEAD3F332B4CAE2800C3E1F4 /* RoutesSwift.swift in Sources */ = {isa = PBXBuildFile; fileRef = CEAD3F322B4CAE2800C3E1F4 /* RoutesSwift.swift */; };
/* End PBXBuildFile section */

/* Begin PBXCopyFilesBuildPhase section */
		7555FFB4242A642300829871 /* Embed Frameworks */ = {
			isa = PBXCopyFilesBuildPhase;
			buildActionMask = 2147483647;
			dstPath = "";
			dstSubfolderSpec = 10;
			files = (
			);
			name = "Embed Frameworks";
			runOnlyForDeploymentPostprocessing = 0;
		};
/* End PBXCopyFilesBuildPhase section */

/* Begin PBXFileReference section */
		058557BA273AAA24004C7B11 /* Assets.xcassets */ = {isa = PBXFileReference; lastKnownFileType = folder.assetcatalog; path = Assets.xcassets; sourceTree = "<group>"; };
		058557D8273AAEEB004C7B11 /* Preview Assets.xcassets */ = {isa = PBXFileReference; lastKnownFileType = folder.assetcatalog; path = "Preview Assets.xcassets"; sourceTree = "<group>"; };
		2152FB032600AC8F00CF470E /* iOSApp.swift */ = {isa = PBXFileReference; lastKnownFileType = sourcecode.swift; path = iOSApp.swift; sourceTree = "<group>"; };
		7555FF7B242A565900829871 /* iosApp.app */ = {isa = PBXFileReference; explicitFileType = wrapper.application; includeInIndex = 0; path = iosApp.app; sourceTree = BUILT_PRODUCTS_DIR; };
		7555FF82242A565900829871 /* SplashView.swift */ = {isa = PBXFileReference; lastKnownFileType = sourcecode.swift; path = SplashView.swift; sourceTree = "<group>"; };
		7555FF8C242A565B00829871 /* Info.plist */ = {isa = PBXFileReference; lastKnownFileType = text.plist.xml; path = Info.plist; sourceTree = "<group>"; };
		CE6D38752B4C1D880035003D /* injection.swift */ = {isa = PBXFileReference; lastKnownFileType = sourcecode.swift; path = injection.swift; sourceTree = "<group>"; };
		CE9838FC2B4EC668008A4D51 /* Signika-SemiBold.ttf */ = {isa = PBXFileReference; lastKnownFileType = file; name = "Signika-SemiBold.ttf"; path = "../../../../Downloads/Signika 2/static/Signika-SemiBold.ttf"; sourceTree = "<group>"; };
		CE9838FD2B4EC668008A4D51 /* Signika-Medium.ttf */ = {isa = PBXFileReference; lastKnownFileType = file; name = "Signika-Medium.ttf"; path = "../../../../Downloads/Signika 2/static/Signika-Medium.ttf"; sourceTree = "<group>"; };
		CE9838FE2B4EC668008A4D51 /* Signika-Light.ttf */ = {isa = PBXFileReference; lastKnownFileType = file; name = "Signika-Light.ttf"; path = "../../../../Downloads/Signika 2/static/Signika-Light.ttf"; sourceTree = "<group>"; };
		CE9838FF2B4EC668008A4D51 /* Signika-Bold.ttf */ = {isa = PBXFileReference; lastKnownFileType = file; name = "Signika-Bold.ttf"; path = "../../../../Downloads/Signika 2/static/Signika-Bold.ttf"; sourceTree = "<group>"; };
		CE9839002B4EC668008A4D51 /* Signika-Regular.ttf */ = {isa = PBXFileReference; lastKnownFileType = file; name = "Signika-Regular.ttf"; path = "../../../../Downloads/Signika 2/static/Signika-Regular.ttf"; sourceTree = "<group>"; };
		CEA302A32B4CB6610067F734 /* shared */ = {isa = PBXFileReference; lastKnownFileType = folder; name = shared; path = ../../shared; sourceTree = "<group>"; };
		CEA302A52B4D3B5B0067F734 /* OnBoardingView.swift */ = {isa = PBXFileReference; lastKnownFileType = sourcecode.swift; path = OnBoardingView.swift; sourceTree = "<group>"; };
		CEA302A72B4D3B650067F734 /* PreferencesView.swift */ = {isa = PBXFileReference; lastKnownFileType = sourcecode.swift; path = PreferencesView.swift; sourceTree = "<group>"; };
		CEA302A92B4D3B6C0067F734 /* MainView.swift */ = {isa = PBXFileReference; lastKnownFileType = sourcecode.swift; path = MainView.swift; sourceTree = "<group>"; };
		CEA302AB2B4D3B760067F734 /* TalkView.swift */ = {isa = PBXFileReference; lastKnownFileType = sourcecode.swift; path = TalkView.swift; sourceTree = "<group>"; };
		CEA302AD2B4D3B810067F734 /* SpeakerView.swift */ = {isa = PBXFileReference; lastKnownFileType = sourcecode.swift; path = SpeakerView.swift; sourceTree = "<group>"; };
		CEAD3F2D2B4CAD2C00C3E1F4 /* SplashStateSwift.swift */ = {isa = PBXFileReference; lastKnownFileType = sourcecode.swift; path = SplashStateSwift.swift; sourceTree = "<group>"; };
		CEAD3F2F2B4CAE0200C3E1F4 /* Navigator.swift */ = {isa = PBXFileReference; lastKnownFileType = sourcecode.swift; path = Navigator.swift; sourceTree = "<group>"; };
		CEAD3F322B4CAE2800C3E1F4 /* RoutesSwift.swift */ = {isa = PBXFileReference; lastKnownFileType = sourcecode.swift; path = RoutesSwift.swift; sourceTree = "<group>"; };
/* End PBXFileReference section */

/* Begin PBXFrameworksBuildPhase section */
		7555FF78242A565900829871 /* Frameworks */ = {
			isa = PBXFrameworksBuildPhase;
			buildActionMask = 2147483647;
			files = (
				CE6D38702B4C1D3B0035003D /* Resolver-Dynamic in Frameworks */,
				CE6D38722B4C1D3B0035003D /* Resolver-Static in Frameworks */,
				CE6D386E2B4C1D3B0035003D /* Resolver in Frameworks */,
			);
			runOnlyForDeploymentPostprocessing = 0;
		};
/* End PBXFrameworksBuildPhase section */

/* Begin PBXGroup section */
		058557D7273AAEEB004C7B11 /* Preview Content */ = {
			isa = PBXGroup;
			children = (
				058557D8273AAEEB004C7B11 /* Preview Assets.xcassets */,
			);
			path = "Preview Content";
			sourceTree = "<group>";
		};
		7555FF72242A565900829871 = {
			isa = PBXGroup;
			children = (
				CEA302A22B4CB5EF0067F734 /* kotlin */,
				7555FF7D242A565900829871 /* iosApp */,
				7555FF7C242A565900829871 /* Products */,
				7555FFB0242A642200829871 /* Frameworks */,
			);
			sourceTree = "<group>";
		};
		7555FF7C242A565900829871 /* Products */ = {
			isa = PBXGroup;
			children = (
				7555FF7B242A565900829871 /* iosApp.app */,
			);
			name = Products;
			sourceTree = "<group>";
		};
		7555FF7D242A565900829871 /* iosApp */ = {
			isa = PBXGroup;
			children = (
				CE7FA5FB2B4EC09D003EA3C1 /* app */,
				CE7FA5FA2B4EC04E003EA3C1 /* state */,
				CE7FA5F92B4EC018003EA3C1 /* screen */,
				CEAD3F312B4CAE0900C3E1F4 /* navigation */,
				CE6D38732B4C1D6F0035003D /* di */,
				058557BA273AAA24004C7B11 /* Assets.xcassets */,
				CE9838FF2B4EC668008A4D51 /* Signika-Bold.ttf */,
				CE9838FE2B4EC668008A4D51 /* Signika-Light.ttf */,
				CE9838FD2B4EC668008A4D51 /* Signika-Medium.ttf */,
				CE9839002B4EC668008A4D51 /* Signika-Regular.ttf */,
				CE9838FC2B4EC668008A4D51 /* Signika-SemiBold.ttf */,
				7555FF8C242A565B00829871 /* Info.plist */,
				058557D7273AAEEB004C7B11 /* Preview Content */,
			);
			path = iosApp;
			sourceTree = "<group>";
		};
		7555FFB0242A642200829871 /* Frameworks */ = {
			isa = PBXGroup;
			children = (
			);
			name = Frameworks;
			sourceTree = "<group>";
		};
		CE6D38732B4C1D6F0035003D /* di */ = {
			isa = PBXGroup;
			children = (
				CE6D38752B4C1D880035003D /* injection.swift */,
			);
			path = di;
			sourceTree = "<group>";
		};
		CE7FA5F92B4EC018003EA3C1 /* screen */ = {
			isa = PBXGroup;
			children = (
				7555FF82242A565900829871 /* SplashView.swift */,
				CEA302A52B4D3B5B0067F734 /* OnBoardingView.swift */,
				CEA302A72B4D3B650067F734 /* PreferencesView.swift */,
				CEA302A92B4D3B6C0067F734 /* MainView.swift */,
				CEA302AB2B4D3B760067F734 /* TalkView.swift */,
				CEA302AD2B4D3B810067F734 /* SpeakerView.swift */,
			);
			path = screen;
			sourceTree = "<group>";
		};
		CE7FA5FA2B4EC04E003EA3C1 /* state */ = {
			isa = PBXGroup;
			children = (
				CEAD3F2D2B4CAD2C00C3E1F4 /* SplashStateSwift.swift */,
			);
			path = state;
			sourceTree = "<group>";
		};
		CE7FA5FB2B4EC09D003EA3C1 /* app */ = {
			isa = PBXGroup;
			children = (
				2152FB032600AC8F00CF470E /* iOSApp.swift */,
			);
			path = app;
			sourceTree = "<group>";
		};
		CEA302A22B4CB5EF0067F734 /* kotlin */ = {
			isa = PBXGroup;
			children = (
				CEA302A32B4CB6610067F734 /* shared */,
			);
			path = kotlin;
			sourceTree = "<group>";
		};
		CEAD3F312B4CAE0900C3E1F4 /* navigation */ = {
			isa = PBXGroup;
			children = (
				CEAD3F2F2B4CAE0200C3E1F4 /* Navigator.swift */,
				CEAD3F322B4CAE2800C3E1F4 /* RoutesSwift.swift */,
			);
			path = navigation;
			sourceTree = "<group>";
		};
/* End PBXGroup section */

/* Begin PBXNativeTarget section */
		7555FF7A242A565900829871 /* iosApp */ = {
			isa = PBXNativeTarget;
			buildConfigurationList = 7555FFA5242A565B00829871 /* Build configuration list for PBXNativeTarget "iosApp" */;
			buildPhases = (
				7555FFB5242A651A00829871 /* ShellScript */,
				7555FF77242A565900829871 /* Sources */,
				7555FF78242A565900829871 /* Frameworks */,
				7555FF79242A565900829871 /* Resources */,
				7555FFB4242A642300829871 /* Embed Frameworks */,
			);
			buildRules = (
			);
			dependencies = (
			);
			name = iosApp;
			packageProductDependencies = (
				CE6D386D2B4C1D3B0035003D /* Resolver */,
				CE6D386F2B4C1D3B0035003D /* Resolver-Dynamic */,
				CE6D38712B4C1D3B0035003D /* Resolver-Static */,
			);
			productName = iosApp;
			productReference = 7555FF7B242A565900829871 /* iosApp.app */;
			productType = "com.apple.product-type.application";
		};
/* End PBXNativeTarget section */

/* Begin PBXProject section */
		7555FF73242A565900829871 /* Project object */ = {
			isa = PBXProject;
			attributes = {
				LastSwiftUpdateCheck = 1130;
				LastUpgradeCheck = 1130;
				ORGANIZATIONNAME = orgName;
				TargetAttributes = {
					7555FF7A242A565900829871 = {
						CreatedOnToolsVersion = 11.3.1;
					};
				};
			};
			buildConfigurationList = 7555FF76242A565900829871 /* Build configuration list for PBXProject "iosApp" */;
			compatibilityVersion = "Xcode 9.3";
			developmentRegion = en;
			hasScannedForEncodings = 0;
			knownRegions = (
				en,
				Base,
			);
			mainGroup = 7555FF72242A565900829871;
			packageReferences = (
				CE6D386C2B4C1D3B0035003D /* XCRemoteSwiftPackageReference "Resolver" */,
			);
			productRefGroup = 7555FF7C242A565900829871 /* Products */;
			projectDirPath = "";
			projectRoot = "";
			targets = (
				7555FF7A242A565900829871 /* iosApp */,
			);
		};
/* End PBXProject section */

/* Begin PBXResourcesBuildPhase section */
		7555FF79242A565900829871 /* Resources */ = {
			isa = PBXResourcesBuildPhase;
			buildActionMask = 2147483647;
			files = (
				058557D9273AAEEB004C7B11 /* Preview Assets.xcassets in Resources */,
				CEA302A42B4CB6610067F734 /* shared in Resources */,
				CE9839032B4EC668008A4D51 /* Signika-Light.ttf in Resources */,
				CE9839042B4EC668008A4D51 /* Signika-Bold.ttf in Resources */,
				CE9839052B4EC668008A4D51 /* Signika-Regular.ttf in Resources */,
				CE9839022B4EC668008A4D51 /* Signika-Medium.ttf in Resources */,
				CE9839012B4EC668008A4D51 /* Signika-SemiBold.ttf in Resources */,
				058557BB273AAA24004C7B11 /* Assets.xcassets in Resources */,
			);
			runOnlyForDeploymentPostprocessing = 0;
		};
/* End PBXResourcesBuildPhase section */

/* Begin PBXShellScriptBuildPhase section */
		7555FFB5242A651A00829871 /* ShellScript */ = {
			isa = PBXShellScriptBuildPhase;
			buildActionMask = 2147483647;
			files = (
			);
			inputFileListPaths = (
			);
			inputPaths = (
			);
			outputFileListPaths = (
			);
			outputPaths = (
			);
			runOnlyForDeploymentPostprocessing = 0;
			shellPath = /bin/sh;
			shellScript = "cd \"$SRCROOT/..\"\n./gradlew :shared:embedAndSignAppleFrameworkForXcode\n";
		};
/* End PBXShellScriptBuildPhase section */

/* Begin PBXSourcesBuildPhase section */
		7555FF77242A565900829871 /* Sources */ = {
			isa = PBXSourcesBuildPhase;
			buildActionMask = 2147483647;
			files = (
				CE6D38762B4C1D880035003D /* injection.swift in Sources */,
				CEA302AA2B4D3B6C0067F734 /* MainView.swift in Sources */,
				CEAD3F332B4CAE2800C3E1F4 /* RoutesSwift.swift in Sources */,
				CEA302A62B4D3B5B0067F734 /* OnBoardingView.swift in Sources */,
				CEAD3F302B4CAE0200C3E1F4 /* Navigator.swift in Sources */,
				2152FB042600AC8F00CF470E /* iOSApp.swift in Sources */,
				CEA302A82B4D3B650067F734 /* PreferencesView.swift in Sources */,
				CEAD3F2E2B4CAD2C00C3E1F4 /* SplashStateSwift.swift in Sources */,
				CEA302AC2B4D3B760067F734 /* TalkView.swift in Sources */,
				7555FF83242A565900829871 /* SplashView.swift in Sources */,
				CEA302AE2B4D3B810067F734 /* SpeakerView.swift in Sources */,
			);
			runOnlyForDeploymentPostprocessing = 0;
		};
/* End PBXSourcesBuildPhase section */

/* Begin XCBuildConfiguration section */
		7555FFA3242A565B00829871 /* Debug */ = {
			isa = XCBuildConfiguration;
			buildSettings = {
				ALWAYS_SEARCH_USER_PATHS = NO;
				CLANG_ANALYZER_NONNULL = YES;
				CLANG_ANALYZER_NUMBER_OBJECT_CONVERSION = YES_AGGRESSIVE;
				CLANG_CXX_LANGUAGE_STANDARD = "gnu++14";
				CLANG_CXX_LIBRARY = "libc++";
				CLANG_ENABLE_MODULES = YES;
				CLANG_ENABLE_OBJC_ARC = YES;
				CLANG_ENABLE_OBJC_WEAK = YES;
				CLANG_WARN_BLOCK_CAPTURE_AUTORELEASING = YES;
				CLANG_WARN_BOOL_CONVERSION = YES;
				CLANG_WARN_COMMA = YES;
				CLANG_WARN_CONSTANT_CONVERSION = YES;
				CLANG_WARN_DEPRECATED_OBJC_IMPLEMENTATIONS = YES;
				CLANG_WARN_DIRECT_OBJC_ISA_USAGE = YES_ERROR;
				CLANG_WARN_DOCUMENTATION_COMMENTS = YES;
				CLANG_WARN_EMPTY_BODY = YES;
				CLANG_WARN_ENUM_CONVERSION = YES;
				CLANG_WARN_INFINITE_RECURSION = YES;
				CLANG_WARN_INT_CONVERSION = YES;
				CLANG_WARN_NON_LITERAL_NULL_CONVERSION = YES;
				CLANG_WARN_OBJC_IMPLICIT_RETAIN_SELF = YES;
				CLANG_WARN_OBJC_LITERAL_CONVERSION = YES;
				CLANG_WARN_OBJC_ROOT_CLASS = YES_ERROR;
				CLANG_WARN_QUOTED_INCLUDE_IN_FRAMEWORK_HEADER = YES;
				CLANG_WARN_RANGE_LOOP_ANALYSIS = YES;
				CLANG_WARN_STRICT_PROTOTYPES = YES;
				CLANG_WARN_SUSPICIOUS_MOVE = YES;
				CLANG_WARN_UNGUARDED_AVAILABILITY = YES_AGGRESSIVE;
				CLANG_WARN_UNREACHABLE_CODE = YES;
				CLANG_WARN__DUPLICATE_METHOD_MATCH = YES;
				COPY_PHASE_STRIP = NO;
				DEBUG_INFORMATION_FORMAT = "dwarf-with-dsym";
				ENABLE_STRICT_OBJC_MSGSEND = YES;
				ENABLE_TESTABILITY = YES;
				GCC_C_LANGUAGE_STANDARD = gnu11;
				GCC_DYNAMIC_NO_PIC = NO;
				GCC_NO_COMMON_BLOCKS = YES;
				GCC_OPTIMIZATION_LEVEL = 0;
				GCC_PREPROCESSOR_DEFINITIONS = (
					"DEBUG=1",
					"$(inherited)",
				);
				GCC_WARN_64_TO_32_BIT_CONVERSION = YES;
				GCC_WARN_ABOUT_RETURN_TYPE = YES_ERROR;
				GCC_WARN_UNDECLARED_SELECTOR = YES;
				GCC_WARN_UNINITIALIZED_AUTOS = YES_AGGRESSIVE;
				GCC_WARN_UNUSED_FUNCTION = YES;
				GCC_WARN_UNUSED_VARIABLE = YES;
				IPHONEOS_DEPLOYMENT_TARGET = 14.1;
				MTL_ENABLE_DEBUG_INFO = INCLUDE_SOURCE;
				MTL_FAST_MATH = YES;
				ONLY_ACTIVE_ARCH = YES;
				SDKROOT = iphoneos;
				SWIFT_ACTIVE_COMPILATION_CONDITIONS = DEBUG;
				SWIFT_OPTIMIZATION_LEVEL = "-Onone";
			};
			name = Debug;
		};
		7555FFA4242A565B00829871 /* Release */ = {
			isa = XCBuildConfiguration;
			buildSettings = {
				ALWAYS_SEARCH_USER_PATHS = NO;
				CLANG_ANALYZER_NONNULL = YES;
				CLANG_ANALYZER_NUMBER_OBJECT_CONVERSION = YES_AGGRESSIVE;
				CLANG_CXX_LANGUAGE_STANDARD = "gnu++14";
				CLANG_CXX_LIBRARY = "libc++";
				CLANG_ENABLE_MODULES = YES;
				CLANG_ENABLE_OBJC_ARC = YES;
				CLANG_ENABLE_OBJC_WEAK = YES;
				CLANG_WARN_BLOCK_CAPTURE_AUTORELEASING = YES;
				CLANG_WARN_BOOL_CONVERSION = YES;
				CLANG_WARN_COMMA = YES;
				CLANG_WARN_CONSTANT_CONVERSION = YES;
				CLANG_WARN_DEPRECATED_OBJC_IMPLEMENTATIONS = YES;
				CLANG_WARN_DIRECT_OBJC_ISA_USAGE = YES_ERROR;
				CLANG_WARN_DOCUMENTATION_COMMENTS = YES;
				CLANG_WARN_EMPTY_BODY = YES;
				CLANG_WARN_ENUM_CONVERSION = YES;
				CLANG_WARN_INFINITE_RECURSION = YES;
				CLANG_WARN_INT_CONVERSION = YES;
				CLANG_WARN_NON_LITERAL_NULL_CONVERSION = YES;
				CLANG_WARN_OBJC_IMPLICIT_RETAIN_SELF = YES;
				CLANG_WARN_OBJC_LITERAL_CONVERSION = YES;
				CLANG_WARN_OBJC_ROOT_CLASS = YES_ERROR;
				CLANG_WARN_QUOTED_INCLUDE_IN_FRAMEWORK_HEADER = YES;
				CLANG_WARN_RANGE_LOOP_ANALYSIS = YES;
				CLANG_WARN_STRICT_PROTOTYPES = YES;
				CLANG_WARN_SUSPICIOUS_MOVE = YES;
				CLANG_WARN_UNGUARDED_AVAILABILITY = YES_AGGRESSIVE;
				CLANG_WARN_UNREACHABLE_CODE = YES;
				CLANG_WARN__DUPLICATE_METHOD_MATCH = YES;
				COPY_PHASE_STRIP = NO;
				DEBUG_INFORMATION_FORMAT = "dwarf-with-dsym";
				ENABLE_NS_ASSERTIONS = NO;
				ENABLE_STRICT_OBJC_MSGSEND = YES;
				GCC_C_LANGUAGE_STANDARD = gnu11;
				GCC_NO_COMMON_BLOCKS = YES;
				GCC_WARN_64_TO_32_BIT_CONVERSION = YES;
				GCC_WARN_ABOUT_RETURN_TYPE = YES_ERROR;
				GCC_WARN_UNDECLARED_SELECTOR = YES;
				GCC_WARN_UNINITIALIZED_AUTOS = YES_AGGRESSIVE;
				GCC_WARN_UNUSED_FUNCTION = YES;
				GCC_WARN_UNUSED_VARIABLE = YES;
				IPHONEOS_DEPLOYMENT_TARGET = 14.1;
				MTL_ENABLE_DEBUG_INFO = NO;
				MTL_FAST_MATH = YES;
				SDKROOT = iphoneos;
				SWIFT_COMPILATION_MODE = wholemodule;
				SWIFT_OPTIMIZATION_LEVEL = "-O";
				VALIDATE_PRODUCT = YES;
			};
			name = Release;
		};
		7555FFA6242A565B00829871 /* Debug */ = {
			isa = XCBuildConfiguration;
			buildSettings = {
				ASSETCATALOG_COMPILER_APPICON_NAME = AppIcon;
				CODE_SIGN_STYLE = Automatic;
				CURRENT_PROJECT_VERSION = 20240110;
				DEVELOPMENT_ASSET_PATHS = "\"iosApp/Preview Content\"";
				ENABLE_PREVIEWS = YES;
				FRAMEWORK_SEARCH_PATHS = (
					"$(inherited)",
					"$(SRCROOT)/../shared/build/xcode-frameworks/$(CONFIGURATION)/$(SDK_NAME)",
				);
				INFOPLIST_FILE = iosApp/Info.plist;
				INFOPLIST_KEY_CFBundleDisplayName = Fosdem;
				IPHONEOS_DEPLOYMENT_TARGET = 16.0;
				LD_RUNPATH_SEARCH_PATHS = (
					"$(inherited)",
					"@executable_path/Frameworks",
				);
				MARKETING_VERSION = 0.0.1;
				OTHER_LDFLAGS = (
					"$(inherited)",
					"-framework",
					shared,
				);
				PRODUCT_BUNDLE_IDENTIFIER = orgIdentifier.iosApp;
				PRODUCT_NAME = "$(TARGET_NAME)";
				SWIFT_VERSION = 5.0;
				TARGETED_DEVICE_FAMILY = "1,2";
			};
			name = Debug;
		};
		7555FFA7242A565B00829871 /* Release */ = {
			isa = XCBuildConfiguration;
			buildSettings = {
				ASSETCATALOG_COMPILER_APPICON_NAME = AppIcon;
				CODE_SIGN_STYLE = Automatic;
				CURRENT_PROJECT_VERSION = 20240110;
				DEVELOPMENT_ASSET_PATHS = "\"iosApp/Preview Content\"";
				ENABLE_PREVIEWS = YES;
				FRAMEWORK_SEARCH_PATHS = (
					"$(inherited)",
					"$(SRCROOT)/../shared/build/xcode-frameworks/$(CONFIGURATION)/$(SDK_NAME)",
				);
				INFOPLIST_FILE = iosApp/Info.plist;
				INFOPLIST_KEY_CFBundleDisplayName = Fosdem;
				IPHONEOS_DEPLOYMENT_TARGET = 16.0;
				LD_RUNPATH_SEARCH_PATHS = (
					"$(inherited)",
					"@executable_path/Frameworks",
				);
				MARKETING_VERSION = 0.0.1;
				OTHER_LDFLAGS = (
					"$(inherited)",
					"-framework",
					shared,
				);
				PRODUCT_BUNDLE_IDENTIFIER = orgIdentifier.iosApp;
				PRODUCT_NAME = "$(TARGET_NAME)";
				SWIFT_VERSION = 5.0;
				TARGETED_DEVICE_FAMILY = "1,2";
			};
			name = Release;
		};
/* End XCBuildConfiguration section */

/* Begin XCConfigurationList section */
		7555FF76242A565900829871 /* Build configuration list for PBXProject "iosApp" */ = {
			isa = XCConfigurationList;
			buildConfigurations = (
				7555FFA3242A565B00829871 /* Debug */,
				7555FFA4242A565B00829871 /* Release */,
			);
			defaultConfigurationIsVisible = 0;
			defaultConfigurationName = Release;
		};
		7555FFA5242A565B00829871 /* Build configuration list for PBXNativeTarget "iosApp" */ = {
			isa = XCConfigurationList;
			buildConfigurations = (
				7555FFA6242A565B00829871 /* Debug */,
				7555FFA7242A565B00829871 /* Release */,
			);
			defaultConfigurationIsVisible = 0;
			defaultConfigurationName = Release;
		};
/* End XCConfigurationList section */

/* Begin XCRemoteSwiftPackageReference section */
		CE6D386C2B4C1D3B0035003D /* XCRemoteSwiftPackageReference "Resolver" */ = {
			isa = XCRemoteSwiftPackageReference;
			repositoryURL = "https://github.com/hmlongco/Resolver.git";
			requirement = {
				kind = upToNextMajorVersion;
				minimumVersion = 1.5.0;
			};
		};
/* End XCRemoteSwiftPackageReference section */

/* Begin XCSwiftPackageProductDependency section */
		CE6D386D2B4C1D3B0035003D /* Resolver */ = {
			isa = XCSwiftPackageProductDependency;
			package = CE6D386C2B4C1D3B0035003D /* XCRemoteSwiftPackageReference "Resolver" */;
			productName = Resolver;
		};
		CE6D386F2B4C1D3B0035003D /* Resolver-Dynamic */ = {
			isa = XCSwiftPackageProductDependency;
			package = CE6D386C2B4C1D3B0035003D /* XCRemoteSwiftPackageReference "Resolver" */;
			productName = "Resolver-Dynamic";
		};
		CE6D38712B4C1D3B0035003D /* Resolver-Static */ = {
			isa = XCSwiftPackageProductDependency;
			package = CE6D386C2B4C1D3B0035003D /* XCRemoteSwiftPackageReference "Resolver" */;
			productName = "Resolver-Static";
		};
/* End XCSwiftPackageProductDependency section */
	};
	rootObject = 7555FF73242A565900829871 /* Project object */;
}
